
Microsoft Visual Studio Solution File, Format Version 12.00
# Visual Studio 2012
Project("{FAE04EC0-301F-11D3-BF4B-00C04F79EFBC}") = "ForIcon", "ForIcon\ForIcon.csproj", "{52C0E878-ADDF-4563-953A-ADCD86178263}"
EndProject
Global
	GlobalSection(SolutionConfigurationPlatforms) = preSolution
		Debug|Any CPU = Debug|Any CPU
		Release|Any CPU = Release|Any CPU
	EndGlobalSection
	GlobalSection(ProjectConfigurationPlatforms) = postSolution
		{52C0E878-ADDF-4563-953A-ADCD86178263}.Debug|Any CPU.ActiveCfg = Debug|Any CPU
		{52C0E878-ADDF-4563-953A-ADCD86178263}.Debug|Any CPU.Build.0 = Debug|Any CPU
		{52C0E878-ADDF-4563-953A-ADCD86178263}.Release|Any CPU.ActiveCfg = Release|Any CPU
		{52C0E878-ADDF-4563-953A-ADCD86178263}.Release|Any CPU.Build.0 = Release|Any CPU
	EndGlobalSection
	GlobalSection(SolutionProperties) = preSolution
		HideSolutionNode = FALSE
	EndGlobalSection
EndGlobal
